// !$*UTF8*$!
{
	archiveVersion = 1;
	classes = {
	};
	objectVersion = 56;
	objects = {

/* Begin PBXBuildFile section */
		6F0BAAD52AEFC26800DC8E50 /* ForgotPasswordView.swift in Sources */ = {isa = PBXBuildFile; fileRef = 6F0BAAD42AEFC26800DC8E50 /* ForgotPasswordView.swift */; };
		6F0BAAD82AEFC5C500DC8E50 /* HomeView.swift in Sources */ = {isa = PBXBuildFile; fileRef = 6F0BAAD72AEFC5C500DC8E50 /* HomeView.swift */; };
		6F46A11D2AF4D3E30027D42B /* PersonalityView.swift in Sources */ = {isa = PBXBuildFile; fileRef = 6F46A11C2AF4D3E30027D42B /* PersonalityView.swift */; };
		6F46A1202AF5175B0027D42B /* DatePickerTextField.swift in Sources */ = {isa = PBXBuildFile; fileRef = 6F46A11F2AF5175B0027D42B /* DatePickerTextField.swift */; };
		6F9351342AE6551E00AD1C75 /* AdacanaApp.swift in Sources */ = {isa = PBXBuildFile; fileRef = 6F9351332AE6551E00AD1C75 /* AdacanaApp.swift */; };
		6F9351382AE6551F00AD1C75 /* Assets.xcassets in Resources */ = {isa = PBXBuildFile; fileRef = 6F9351372AE6551F00AD1C75 /* Assets.xcassets */; };
		6F93513B2AE6551F00AD1C75 /* Preview Assets.xcassets in Resources */ = {isa = PBXBuildFile; fileRef = 6F93513A2AE6551F00AD1C75 /* Preview Assets.xcassets */; };
		6F9351472AE657B300AD1C75 /* PoppinsMedium.ttf in Resources */ = {isa = PBXBuildFile; fileRef = 6F9351432AE657B300AD1C75 /* PoppinsMedium.ttf */; };
		6F9351482AE657B300AD1C75 /* PoppinsBold.ttf in Resources */ = {isa = PBXBuildFile; fileRef = 6F9351442AE657B300AD1C75 /* PoppinsBold.ttf */; };
		6F9351492AE657B300AD1C75 /* PoppinsRegular.ttf in Resources */ = {isa = PBXBuildFile; fileRef = 6F9351452AE657B300AD1C75 /* PoppinsRegular.ttf */; };
		6F93514A2AE657B300AD1C75 /* PoppinsSemiBold.ttf in Resources */ = {isa = PBXBuildFile; fileRef = 6F9351462AE657B300AD1C75 /* PoppinsSemiBold.ttf */; };
		6F93514D2AE66B6F00AD1C75 /* SplashView.swift in Sources */ = {isa = PBXBuildFile; fileRef = 6F93514C2AE66B6F00AD1C75 /* SplashView.swift */; };
		6F9351502AE66BD300AD1C75 /* AuthView.swift in Sources */ = {isa = PBXBuildFile; fileRef = 6F93514F2AE66BD300AD1C75 /* AuthView.swift */; };
		6F9351572AE672E400AD1C75 /* role.swift in Sources */ = {isa = PBXBuildFile; fileRef = 6F9351522AE672E400AD1C75 /* role.swift */; };
		6F9351582AE672E400AD1C75 /* ColorConstants.swift in Sources */ = {isa = PBXBuildFile; fileRef = 6F9351532AE672E400AD1C75 /* ColorConstants.swift */; };
		6F9351592AE672E400AD1C75 /* FontScheme.swift in Sources */ = {isa = PBXBuildFile; fileRef = 6F9351542AE672E400AD1C75 /* FontScheme.swift */; };
		6F93515A2AE672E400AD1C75 /* StringScheme.swift in Sources */ = {isa = PBXBuildFile; fileRef = 6F9351552AE672E400AD1C75 /* StringScheme.swift */; };
		6F93515B2AE672E400AD1C75 /* AppConstants.swift in Sources */ = {isa = PBXBuildFile; fileRef = 6F9351562AE672E400AD1C75 /* AppConstants.swift */; };
		6F93515E2AE8EB4A00AD1C75 /* Helper.swift in Sources */ = {isa = PBXBuildFile; fileRef = 6F93515D2AE8EB4A00AD1C75 /* Helper.swift */; };
		6F9351612AE8F20A00AD1C75 /* SignupView.swift in Sources */ = {isa = PBXBuildFile; fileRef = 6F9351602AE8F20A00AD1C75 /* SignupView.swift */; };
		6F9351632AE943E800AD1C75 /* LoginView.swift in Sources */ = {isa = PBXBuildFile; fileRef = 6F9351622AE943E800AD1C75 /* LoginView.swift */; };
/* End PBXBuildFile section */

/* Begin PBXFileReference section */
		6F0BAAD42AEFC26800DC8E50 /* ForgotPasswordView.swift */ = {isa = PBXFileReference; lastKnownFileType = sourcecode.swift; path = ForgotPasswordView.swift; sourceTree = "<group>"; };
		6F0BAAD72AEFC5C500DC8E50 /* HomeView.swift */ = {isa = PBXFileReference; lastKnownFileType = sourcecode.swift; path = HomeView.swift; sourceTree = "<group>"; };
		6F46A11C2AF4D3E30027D42B /* PersonalityView.swift */ = {isa = PBXFileReference; lastKnownFileType = sourcecode.swift; path = PersonalityView.swift; sourceTree = "<group>"; };
		6F46A11F2AF5175B0027D42B /* DatePickerTextField.swift */ = {isa = PBXFileReference; fileEncoding = 4; lastKnownFileType = sourcecode.swift; path = DatePickerTextField.swift; sourceTree = "<group>"; };
		6F9351302AE6551E00AD1C75 /* Adacana.app */ = {isa = PBXFileReference; explicitFileType = wrapper.application; includeInIndex = 0; path = Adacana.app; sourceTree = BUILT_PRODUCTS_DIR; };
		6F9351332AE6551E00AD1C75 /* AdacanaApp.swift */ = {isa = PBXFileReference; lastKnownFileType = sourcecode.swift; path = AdacanaApp.swift; sourceTree = "<group>"; };
		6F9351372AE6551F00AD1C75 /* Assets.xcassets */ = {isa = PBXFileReference; lastKnownFileType = folder.assetcatalog; path = Assets.xcassets; sourceTree = "<group>"; };
		6F93513A2AE6551F00AD1C75 /* Preview Assets.xcassets */ = {isa = PBXFileReference; lastKnownFileType = folder.assetcatalog; path = "Preview Assets.xcassets"; sourceTree = "<group>"; };
		6F9351432AE657B300AD1C75 /* PoppinsMedium.ttf */ = {isa = PBXFileReference; lastKnownFileType = file; path = PoppinsMedium.ttf; sourceTree = "<group>"; };
		6F9351442AE657B300AD1C75 /* PoppinsBold.ttf */ = {isa = PBXFileReference; lastKnownFileType = file; path = PoppinsBold.ttf; sourceTree = "<group>"; };
		6F9351452AE657B300AD1C75 /* PoppinsRegular.ttf */ = {isa = PBXFileReference; lastKnownFileType = file; path = PoppinsRegular.ttf; sourceTree = "<group>"; };
		6F9351462AE657B300AD1C75 /* PoppinsSemiBold.ttf */ = {isa = PBXFileReference; lastKnownFileType = file; path = PoppinsSemiBold.ttf; sourceTree = "<group>"; };
		6F93514C2AE66B6F00AD1C75 /* SplashView.swift */ = {isa = PBXFileReference; lastKnownFileType = sourcecode.swift; path = SplashView.swift; sourceTree = "<group>"; };
		6F93514F2AE66BD300AD1C75 /* AuthView.swift */ = {isa = PBXFileReference; lastKnownFileType = sourcecode.swift; path = AuthView.swift; sourceTree = "<group>"; };
		6F9351522AE672E400AD1C75 /* role.swift */ = {isa = PBXFileReference; fileEncoding = 4; lastKnownFileType = sourcecode.swift; path = role.swift; sourceTree = "<group>"; };
		6F9351532AE672E400AD1C75 /* ColorConstants.swift */ = {isa = PBXFileReference; fileEncoding = 4; lastKnownFileType = sourcecode.swift; path = ColorConstants.swift; sourceTree = "<group>"; };
		6F9351542AE672E400AD1C75 /* FontScheme.swift */ = {isa = PBXFileReference; fileEncoding = 4; lastKnownFileType = sourcecode.swift; path = FontScheme.swift; sourceTree = "<group>"; };
		6F9351552AE672E400AD1C75 /* StringScheme.swift */ = {isa = PBXFileReference; fileEncoding = 4; lastKnownFileType = sourcecode.swift; path = StringScheme.swift; sourceTree = "<group>"; };
		6F9351562AE672E400AD1C75 /* AppConstants.swift */ = {isa = PBXFileReference; fileEncoding = 4; lastKnownFileType = sourcecode.swift; path = AppConstants.swift; sourceTree = "<group>"; };
		6F93515C2AE67BB700AD1C75 /* Info.plist */ = {isa = PBXFileReference; lastKnownFileType = text.plist; path = Info.plist; sourceTree = "<group>"; };
		6F93515D2AE8EB4A00AD1C75 /* Helper.swift */ = {isa = PBXFileReference; lastKnownFileType = sourcecode.swift; path = Helper.swift; sourceTree = "<group>"; };
		6F9351602AE8F20A00AD1C75 /* SignupView.swift */ = {isa = PBXFileReference; lastKnownFileType = sourcecode.swift; path = SignupView.swift; sourceTree = "<group>"; };
		6F9351622AE943E800AD1C75 /* LoginView.swift */ = {isa = PBXFileReference; lastKnownFileType = sourcecode.swift; path = LoginView.swift; sourceTree = "<group>"; };
/* End PBXFileReference section */

/* Begin PBXFrameworksBuildPhase section */
		6F93512D2AE6551E00AD1C75 /* Frameworks */ = {
			isa = PBXFrameworksBuildPhase;
			buildActionMask = 2147483647;
			files = (
			);
			runOnlyForDeploymentPostprocessing = 0;
		};
/* End PBXFrameworksBuildPhase section */

/* Begin PBXGroup section */
		6F0BAAD62AEFC5A900DC8E50 /* App */ = {
			isa = PBXGroup;
			children = (
				6F0BAAD72AEFC5C500DC8E50 /* HomeView.swift */,
				6F46A11C2AF4D3E30027D42B /* PersonalityView.swift */,
			);
			path = App;
			sourceTree = "<group>";
		};
		6F9351272AE6551E00AD1C75 = {
			isa = PBXGroup;
			children = (
				6F9351322AE6551E00AD1C75 /* Adacana */,
				6F9351312AE6551E00AD1C75 /* Products */,
			);
			sourceTree = "<group>";
		};
		6F9351312AE6551E00AD1C75 /* Products */ = {
			isa = PBXGroup;
			children = (
				6F9351302AE6551E00AD1C75 /* Adacana.app */,
			);
			name = Products;
			sourceTree = "<group>";
		};
		6F9351322AE6551E00AD1C75 /* Adacana */ = {
			isa = PBXGroup;
			children = (
				6F93515C2AE67BB700AD1C75 /* Info.plist */,
				6F9351512AE672E400AD1C75 /* Constants */,
				6F93514E2AE66BC600AD1C75 /* Auth */,
				6F0BAAD62AEFC5A900DC8E50 /* App */,
				6F93514B2AE66B5900AD1C75 /* Splash */,
				6F9351412AE657B300AD1C75 /* Resources */,
				6F9351332AE6551E00AD1C75 /* AdacanaApp.swift */,
				6F9351372AE6551F00AD1C75 /* Assets.xcassets */,
				6F9351392AE6551F00AD1C75 /* Preview Content */,
				6F93515F2AE8EB4E00AD1C75 /* Helper */,
			);
			path = Adacana;
			sourceTree = "<group>";
		};
		6F9351392AE6551F00AD1C75 /* Preview Content */ = {
			isa = PBXGroup;
			children = (
				6F93513A2AE6551F00AD1C75 /* Preview Assets.xcassets */,
			);
			path = "Preview Content";
			sourceTree = "<group>";
		};
		6F9351412AE657B300AD1C75 /* Resources */ = {
			isa = PBXGroup;
			children = (
				6F9351422AE657B300AD1C75 /* Fonts */,
			);
			path = Resources;
			sourceTree = "<group>";
		};
		6F9351422AE657B300AD1C75 /* Fonts */ = {
			isa = PBXGroup;
			children = (
				6F9351432AE657B300AD1C75 /* PoppinsMedium.ttf */,
				6F9351442AE657B300AD1C75 /* PoppinsBold.ttf */,
				6F9351452AE657B300AD1C75 /* PoppinsRegular.ttf */,
				6F9351462AE657B300AD1C75 /* PoppinsSemiBold.ttf */,
			);
			path = Fonts;
			sourceTree = "<group>";
		};
		6F93514B2AE66B5900AD1C75 /* Splash */ = {
			isa = PBXGroup;
			children = (
				6F93514C2AE66B6F00AD1C75 /* SplashView.swift */,
			);
			path = Splash;
			sourceTree = "<group>";
		};
		6F93514E2AE66BC600AD1C75 /* Auth */ = {
			isa = PBXGroup;
			children = (
				6F93514F2AE66BD300AD1C75 /* AuthView.swift */,
				6F9351602AE8F20A00AD1C75 /* SignupView.swift */,
				6F9351622AE943E800AD1C75 /* LoginView.swift */,
				6F0BAAD42AEFC26800DC8E50 /* ForgotPasswordView.swift */,
			);
			path = Auth;
			sourceTree = "<group>";
		};
		6F9351512AE672E400AD1C75 /* Constants */ = {
			isa = PBXGroup;
			children = (
				6F9351522AE672E400AD1C75 /* role.swift */,
				6F9351532AE672E400AD1C75 /* ColorConstants.swift */,
				6F9351542AE672E400AD1C75 /* FontScheme.swift */,
				6F9351552AE672E400AD1C75 /* StringScheme.swift */,
				6F9351562AE672E400AD1C75 /* AppConstants.swift */,
			);
			path = Constants;
			sourceTree = "<group>";
		};
		6F93515F2AE8EB4E00AD1C75 /* Helper */ = {
			isa = PBXGroup;
			children = (
				6F46A11F2AF5175B0027D42B /* DatePickerTextField.swift */,
				6F93515D2AE8EB4A00AD1C75 /* Helper.swift */,
			);
			path = Helper;
			sourceTree = "<group>";
		};
/* End PBXGroup section */

/* Begin PBXNativeTarget section */
		6F93512F2AE6551E00AD1C75 /* Adacana */ = {
			isa = PBXNativeTarget;
			buildConfigurationList = 6F93513E2AE6551F00AD1C75 /* Build configuration list for PBXNativeTarget "Adacana" */;
			buildPhases = (
				6F93512C2AE6551E00AD1C75 /* Sources */,
				6F93512D2AE6551E00AD1C75 /* Frameworks */,
				6F93512E2AE6551E00AD1C75 /* Resources */,
			);
			buildRules = (
			);
			dependencies = (
			);
			name = Adacana;
			productName = Adacana;
			productReference = 6F9351302AE6551E00AD1C75 /* Adacana.app */;
			productType = "com.apple.product-type.application";
		};
/* End PBXNativeTarget section */

/* Begin PBXProject section */
		6F9351282AE6551E00AD1C75 /* Project object */ = {
			isa = PBXProject;
			attributes = {
				BuildIndependentTargetsInParallel = 1;
				LastSwiftUpdateCheck = 1500;
				LastUpgradeCheck = 1500;
				TargetAttributes = {
					6F93512F2AE6551E00AD1C75 = {
						CreatedOnToolsVersion = 15.0;
					};
				};
			};
			buildConfigurationList = 6F93512B2AE6551E00AD1C75 /* Build configuration list for PBXProject "Adacana" */;
			compatibilityVersion = "Xcode 14.0";
			developmentRegion = en;
			hasScannedForEncodings = 0;
			knownRegions = (
				en,
				Base,
			);
			mainGroup = 6F9351272AE6551E00AD1C75;
			productRefGroup = 6F9351312AE6551E00AD1C75 /* Products */;
			projectDirPath = "";
			projectRoot = "";
			targets = (
				6F93512F2AE6551E00AD1C75 /* Adacana */,
			);
		};
/* End PBXProject section */

/* Begin PBXResourcesBuildPhase section */
		6F93512E2AE6551E00AD1C75 /* Resources */ = {
			isa = PBXResourcesBuildPhase;
			buildActionMask = 2147483647;
			files = (
				6F9351472AE657B300AD1C75 /* PoppinsMedium.ttf in Resources */,
				6F93514A2AE657B300AD1C75 /* PoppinsSemiBold.ttf in Resources */,
				6F9351482AE657B300AD1C75 /* PoppinsBold.ttf in Resources */,
				6F93513B2AE6551F00AD1C75 /* Preview Assets.xcassets in Resources */,
				6F9351382AE6551F00AD1C75 /* Assets.xcassets in Resources */,
				6F9351492AE657B300AD1C75 /* PoppinsRegular.ttf in Resources */,
			);
			runOnlyForDeploymentPostprocessing = 0;
		};
/* End PBXResourcesBuildPhase section */

/* Begin PBXSourcesBuildPhase section */
		6F93512C2AE6551E00AD1C75 /* Sources */ = {
			isa = PBXSourcesBuildPhase;
			buildActionMask = 2147483647;
			files = (
				6F9351592AE672E400AD1C75 /* FontScheme.swift in Sources */,
				6F0BAAD82AEFC5C500DC8E50 /* HomeView.swift in Sources */,
				6F46A11D2AF4D3E30027D42B /* PersonalityView.swift in Sources */,
				6F93515B2AE672E400AD1C75 /* AppConstants.swift in Sources */,
				6F93515A2AE672E400AD1C75 /* StringScheme.swift in Sources */,
				6F9351572AE672E400AD1C75 /* role.swift in Sources */,
				6F9351342AE6551E00AD1C75 /* AdacanaApp.swift in Sources */,
				6F9351632AE943E800AD1C75 /* LoginView.swift in Sources */,
				6F46A1202AF5175B0027D42B /* DatePickerTextField.swift in Sources */,
				6F9351582AE672E400AD1C75 /* ColorConstants.swift in Sources */,
				6F0BAAD52AEFC26800DC8E50 /* ForgotPasswordView.swift in Sources */,
				6F93515E2AE8EB4A00AD1C75 /* Helper.swift in Sources */,
				6F9351502AE66BD300AD1C75 /* AuthView.swift in Sources */,
				6F9351612AE8F20A00AD1C75 /* SignupView.swift in Sources */,
				6F93514D2AE66B6F00AD1C75 /* SplashView.swift in Sources */,
			);
			runOnlyForDeploymentPostprocessing = 0;
		};
/* End PBXSourcesBuildPhase section */

/* Begin XCBuildConfiguration section */
		6F93513C2AE6551F00AD1C75 /* Debug */ = {
			isa = XCBuildConfiguration;
			buildSettings = {
				ALWAYS_SEARCH_USER_PATHS = NO;
				ASSETCATALOG_COMPILER_GENERATE_SWIFT_ASSET_SYMBOL_EXTENSIONS = YES;
				CLANG_ANALYZER_NONNULL = YES;
				CLANG_ANALYZER_NUMBER_OBJECT_CONVERSION = YES_AGGRESSIVE;
				CLANG_CXX_LANGUAGE_STANDARD = "gnu++20";
				CLANG_ENABLE_MODULES = YES;
				CLANG_ENABLE_OBJC_ARC = YES;
				CLANG_ENABLE_OBJC_WEAK = YES;
				CLANG_WARN_BLOCK_CAPTURE_AUTORELEASING = YES;
				CLANG_WARN_BOOL_CONVERSION = YES;
				CLANG_WARN_COMMA = YES;
				CLANG_WARN_CONSTANT_CONVERSION = YES;
				CLANG_WARN_DEPRECATED_OBJC_IMPLEMENTATIONS = YES;
				CLANG_WARN_DIRECT_OBJC_ISA_USAGE = YES_ERROR;
				CLANG_WARN_DOCUMENTATION_COMMENTS = YES;
				CLANG_WARN_EMPTY_BODY = YES;
				CLANG_WARN_ENUM_CONVERSION = YES;
				CLANG_WARN_INFINITE_RECURSION = YES;
				CLANG_WARN_INT_CONVERSION = YES;
				CLANG_WARN_NON_LITERAL_NULL_CONVERSION = YES;
				CLANG_WARN_OBJC_IMPLICIT_RETAIN_SELF = YES;
				CLANG_WARN_OBJC_LITERAL_CONVERSION = YES;
				CLANG_WARN_OBJC_ROOT_CLASS = YES_ERROR;
				CLANG_WARN_QUOTED_INCLUDE_IN_FRAMEWORK_HEADER = YES;
				CLANG_WARN_RANGE_LOOP_ANALYSIS = YES;
				CLANG_WARN_STRICT_PROTOTYPES = YES;
				CLANG_WARN_SUSPICIOUS_MOVE = YES;
				CLANG_WARN_UNGUARDED_AVAILABILITY = YES_AGGRESSIVE;
				CLANG_WARN_UNREACHABLE_CODE = YES;
				CLANG_WARN__DUPLICATE_METHOD_MATCH = YES;
				COPY_PHASE_STRIP = NO;
				DEBUG_INFORMATION_FORMAT = dwarf;
				ENABLE_STRICT_OBJC_MSGSEND = YES;
				ENABLE_TESTABILITY = YES;
				ENABLE_USER_SCRIPT_SANDBOXING = YES;
				GCC_C_LANGUAGE_STANDARD = gnu17;
				GCC_DYNAMIC_NO_PIC = NO;
				GCC_NO_COMMON_BLOCKS = YES;
				GCC_OPTIMIZATION_LEVEL = 0;
				GCC_PREPROCESSOR_DEFINITIONS = (
					"DEBUG=1",
					"$(inherited)",
				);
				GCC_WARN_64_TO_32_BIT_CONVERSION = YES;
				GCC_WARN_ABOUT_RETURN_TYPE = YES_ERROR;
				GCC_WARN_UNDECLARED_SELECTOR = YES;
				GCC_WARN_UNINITIALIZED_AUTOS = YES_AGGRESSIVE;
				GCC_WARN_UNUSED_FUNCTION = YES;
				GCC_WARN_UNUSED_VARIABLE = YES;
				IPHONEOS_DEPLOYMENT_TARGET = 17.0;
				LOCALIZATION_PREFERS_STRING_CATALOGS = YES;
				MTL_ENABLE_DEBUG_INFO = INCLUDE_SOURCE;
				MTL_FAST_MATH = YES;
				ONLY_ACTIVE_ARCH = YES;
				SDKROOT = iphoneos;
				SWIFT_ACTIVE_COMPILATION_CONDITIONS = "DEBUG $(inherited)";
				SWIFT_OPTIMIZATION_LEVEL = "-Onone";
			};
			name = Debug;
		};
		6F93513D2AE6551F00AD1C75 /* Release */ = {
			isa = XCBuildConfiguration;
			buildSettings = {
				ALWAYS_SEARCH_USER_PATHS = NO;
				ASSETCATALOG_COMPILER_GENERATE_SWIFT_ASSET_SYMBOL_EXTENSIONS = YES;
				CLANG_ANALYZER_NONNULL = YES;
				CLANG_ANALYZER_NUMBER_OBJECT_CONVERSION = YES_AGGRESSIVE;
				CLANG_CXX_LANGUAGE_STANDARD = "gnu++20";
				CLANG_ENABLE_MODULES = YES;
				CLANG_ENABLE_OBJC_ARC = YES;
				CLANG_ENABLE_OBJC_WEAK = YES;
				CLANG_WARN_BLOCK_CAPTURE_AUTORELEASING = YES;
				CLANG_WARN_BOOL_CONVERSION = YES;
				CLANG_WARN_COMMA = YES;
				CLANG_WARN_CONSTANT_CONVERSION = YES;
				CLANG_WARN_DEPRECATED_OBJC_IMPLEMENTATIONS = YES;
				CLANG_WARN_DIRECT_OBJC_ISA_USAGE = YES_ERROR;
				CLANG_WARN_DOCUMENTATION_COMMENTS = YES;
				CLANG_WARN_EMPTY_BODY = YES;
				CLANG_WARN_ENUM_CONVERSION = YES;
				CLANG_WARN_INFINITE_RECURSION = YES;
				CLANG_WARN_INT_CONVERSION = YES;
				CLANG_WARN_NON_LITERAL_NULL_CONVERSION = YES;
				CLANG_WARN_OBJC_IMPLICIT_RETAIN_SELF = YES;
				CLANG_WARN_OBJC_LITERAL_CONVERSION = YES;
				CLANG_WARN_OBJC_ROOT_CLASS = YES_ERROR;
				CLANG_WARN_QUOTED_INCLUDE_IN_FRAMEWORK_HEADER = YES;
				CLANG_WARN_RANGE_LOOP_ANALYSIS = YES;
				CLANG_WARN_STRICT_PROTOTYPES = YES;
				CLANG_WARN_SUSPICIOUS_MOVE = YES;
				CLANG_WARN_UNGUARDED_AVAILABILITY = YES_AGGRESSIVE;
				CLANG_WARN_UNREACHABLE_CODE = YES;
				CLANG_WARN__DUPLICATE_METHOD_MATCH = YES;
				COPY_PHASE_STRIP = NO;
				DEBUG_INFORMATION_FORMAT = "dwarf-with-dsym";
				ENABLE_NS_ASSERTIONS = NO;
				ENABLE_STRICT_OBJC_MSGSEND = YES;
				ENABLE_USER_SCRIPT_SANDBOXING = YES;
				GCC_C_LANGUAGE_STANDARD = gnu17;
				GCC_NO_COMMON_BLOCKS = YES;
				GCC_WARN_64_TO_32_BIT_CONVERSION = YES;
				GCC_WARN_ABOUT_RETURN_TYPE = YES_ERROR;
				GCC_WARN_UNDECLARED_SELECTOR = YES;
				GCC_WARN_UNINITIALIZED_AUTOS = YES_AGGRESSIVE;
				GCC_WARN_UNUSED_FUNCTION = YES;
				GCC_WARN_UNUSED_VARIABLE = YES;
				IPHONEOS_DEPLOYMENT_TARGET = 17.0;
				LOCALIZATION_PREFERS_STRING_CATALOGS = YES;
				MTL_ENABLE_DEBUG_INFO = NO;
				MTL_FAST_MATH = YES;
				SDKROOT = iphoneos;
				SWIFT_COMPILATION_MODE = wholemodule;
				VALIDATE_PRODUCT = YES;
			};
			name = Release;
		};
		6F93513F2AE6551F00AD1C75 /* Debug */ = {
			isa = XCBuildConfiguration;
			buildSettings = {
				ASSETCATALOG_COMPILER_APPICON_NAME = AppIcon;
				ASSETCATALOG_COMPILER_GLOBAL_ACCENT_COLOR_NAME = AccentColor;
				CODE_SIGN_STYLE = Automatic;
				CURRENT_PROJECT_VERSION = 1;
				DEVELOPMENT_ASSET_PATHS = "\"Adacana/Preview Content\"";
				ENABLE_PREVIEWS = YES;
				GENERATE_INFOPLIST_FILE = YES;
				INFOPLIST_FILE = Adacana/Info.plist;
				INFOPLIST_KEY_UIApplicationSceneManifest_Generation = YES;
				INFOPLIST_KEY_UIApplicationSupportsIndirectInputEvents = YES;
				INFOPLIST_KEY_UILaunchScreen_Generation = YES;
				INFOPLIST_KEY_UISupportedInterfaceOrientations_iPad = "UIInterfaceOrientationPortrait UIInterfaceOrientationPortraitUpsideDown UIInterfaceOrientationLandscapeLeft UIInterfaceOrientationLandscapeRight";
				INFOPLIST_KEY_UISupportedInterfaceOrientations_iPhone = "UIInterfaceOrientationPortrait UIInterfaceOrientationLandscapeLeft UIInterfaceOrientationLandscapeRight";
				LD_RUNPATH_SEARCH_PATHS = (
					"$(inherited)",
					"@executable_path/Frameworks",
				);
				MARKETING_VERSION = 1.0;
				PRODUCT_BUNDLE_IDENTIFIER = com.swiftdata.Adacana;
				PRODUCT_NAME = "$(TARGET_NAME)";
				SWIFT_EMIT_LOC_STRINGS = YES;
				SWIFT_VERSION = 5.0;
				TARGETED_DEVICE_FAMILY = "1,2";
			};
			name = Debug;
		};
		6F9351402AE6551F00AD1C75 /* Release */ = {
			isa = XCBuildConfiguration;
			buildSettings = {
				ASSETCATALOG_COMPILER_APPICON_NAME = AppIcon;
				ASSETCATALOG_COMPILER_GLOBAL_ACCENT_COLOR_NAME = AccentColor;
				CODE_SIGN_STYLE = Automatic;
				CURRENT_PROJECT_VERSION = 1;
				DEVELOPMENT_ASSET_PATHS = "\"Adacana/Preview Content\"";
				ENABLE_PREVIEWS = YES;
				GENERATE_INFOPLIST_FILE = YES;
				INFOPLIST_FILE = Adacana/Info.plist;
				INFOPLIST_KEY_UIApplicationSceneManifest_Generation = YES;
				INFOPLIST_KEY_UIApplicationSupportsIndirectInputEvents = YES;
				INFOPLIST_KEY_UILaunchScreen_Generation = YES;
				INFOPLIST_KEY_UISupportedInterfaceOrientations_iPad = "UIInterfaceOrientationPortrait UIInterfaceOrientationPortraitUpsideDown UIInterfaceOrientationLandscapeLeft UIInterfaceOrientationLandscapeRight";
				INFOPLIST_KEY_UISupportedInterfaceOrientations_iPhone = "UIInterfaceOrientationPortrait UIInterfaceOrientationLandscapeLeft UIInterfaceOrientationLandscapeRight";
				LD_RUNPATH_SEARCH_PATHS = (
					"$(inherited)",
					"@executable_path/Frameworks",
				);
				MARKETING_VERSION = 1.0;
				PRODUCT_BUNDLE_IDENTIFIER = com.swiftdata.Adacana;
				PRODUCT_NAME = "$(TARGET_NAME)";
				SWIFT_EMIT_LOC_STRINGS = YES;
				SWIFT_VERSION = 5.0;
				TARGETED_DEVICE_FAMILY = "1,2";
			};
			name = Release;
		};
/* End XCBuildConfiguration section */

/* Begin XCConfigurationList section */
		6F93512B2AE6551E00AD1C75 /* Build configuration list for PBXProject "Adacana" */ = {
			isa = XCConfigurationList;
			buildConfigurations = (
				6F93513C2AE6551F00AD1C75 /* Debug */,
				6F93513D2AE6551F00AD1C75 /* Release */,
			);
			defaultConfigurationIsVisible = 0;
			defaultConfigurationName = Release;
		};
		6F93513E2AE6551F00AD1C75 /* Build configuration list for PBXNativeTarget "Adacana" */ = {
			isa = XCConfigurationList;
			buildConfigurations = (
				6F93513F2AE6551F00AD1C75 /* Debug */,
				6F9351402AE6551F00AD1C75 /* Release */,
			);
			defaultConfigurationIsVisible = 0;
			defaultConfigurationName = Release;
		};
/* End XCConfigurationList section */
	};
	rootObject = 6F9351282AE6551E00AD1C75 /* Project object */;
}
